
Microsoft Visual Studio Solution File, Format Version 12.00
# Visual Studio Version 17
VisualStudioVersion = 17.7.34031.279
MinimumVisualStudioVersion = 10.0.40219.1
Project("{8BC9CEB8-8B4A-11D0-8D11-00A0C91BC942}") = "MapTool", "MapTool\MapTool.vcxproj", "{65E91D93-7744-4F40-9518-2F99E1B41E2A}"
	ProjectSection(ProjectDependencies) = postProject
		{002C078E-95C3-434B-81F5-FE8289CCE726} = {002C078E-95C3-434B-81F5-FE8289CCE726}
	EndProjectSection
EndProject
Project("{8BC9CEB8-8B4A-11D0-8D11-00A0C91BC942}") = "GraphicsEngineD3D12", "GraphicsEngineD3D12\GraphicsEngineD3D12.vcxproj", "{002C078E-95C3-434B-81F5-FE8289CCE726}"
EndProject
Global
	GlobalSection(SolutionConfigurationPlatforms) = preSolution
		Debug|x64 = Debug|x64
		Debug|x86 = Debug|x86
		Release|x64 = Release|x64
		Release|x86 = Release|x86
	EndGlobalSection
	GlobalSection(ProjectConfigurationPlatforms) = postSolution
		{65E91D93-7744-4F40-9518-2F99E1B41E2A}.Debug|x64.ActiveCfg = Debug|x64
		{65E91D93-7744-4F40-9518-2F99E1B41E2A}.Debug|x64.Build.0 = Debug|x64
		{65E91D93-7744-4F40-9518-2F99E1B41E2A}.Debug|x86.ActiveCfg = Debug|Win32
		{65E91D93-7744-4F40-9518-2F99E1B41E2A}.Debug|x86.Build.0 = Debug|Win32
		{65E91D93-7744-4F40-9518-2F99E1B41E2A}.Release|x64.ActiveCfg = Release|x64
		{65E91D93-7744-4F40-9518-2F99E1B41E2A}.Release|x64.Build.0 = Release|x64
		{65E91D93-7744-4F40-9518-2F99E1B41E2A}.Release|x86.ActiveCfg = Release|Win32
		{65E91D93-7744-4F40-9518-2F99E1B41E2A}.Release|x86.Build.0 = Release|Win32
		{002C078E-95C3-434B-81F5-FE8289CCE726}.Debug|x64.ActiveCfg = Debug|x64
		{002C078E-95C3-434B-81F5-FE8289CCE726}.Debug|x64.Build.0 = Debug|x64
		{002C078E-95C3-434B-81F5-FE8289CCE726}.Debug|x86.ActiveCfg = Debug|Win32
		{002C078E-95C3-434B-81F5-FE8289CCE726}.Debug|x86.Build.0 = Debug|Win32
		{002C078E-95C3-434B-81F5-FE8289CCE726}.Release|x64.ActiveCfg = Release|x64
		{002C078E-95C3-434B-81F5-FE8289CCE726}.Release|x64.Build.0 = Release|x64
		{002C078E-95C3-434B-81F5-FE8289CCE726}.Release|x86.ActiveCfg = Release|Win32
		{002C078E-95C3-434B-81F5-FE8289CCE726}.Release|x86.Build.0 = Release|Win32
	EndGlobalSection
	GlobalSection(SolutionProperties) = preSolution
		HideSolutionNode = FALSE
	EndGlobalSection
	GlobalSection(ExtensibilityGlobals) = postSolution
		SolutionGuid = {F216A1CC-EA53-4D7A-A6FF-072D13E43AD7}
	EndGlobalSection
EndGlobal
